
Microsoft Visual Studio Solution File, Format Version 12.00
# Visual Studio 2012
Project("{FAE04EC0-301F-11D3-BF4B-00C04F79EFBC}") = "Informedica.GenPres.WebApp", "Informedica.GenPres.WebApp\Informedica.GenPres.WebApp.csproj", "{76EBE7AE-D518-4C31-8099-F6AB1EDDF959}"
EndProject
Global
	GlobalSection(SolutionConfigurationPlatforms) = preSolution
		Debug|Any CPU = Debug|Any CPU
		Release|Any CPU = Release|Any CPU
	EndGlobalSection
	GlobalSection(ProjectConfigurationPlatforms) = postSolution
		{76EBE7AE-D518-4C31-8099-F6AB1EDDF959}.Debug|Any CPU.ActiveCfg = Debug|Any CPU
		{76EBE7AE-D518-4C31-8099-F6AB1EDDF959}.Debug|Any CPU.Build.0 = Debug|Any CPU
		{76EBE7AE-D518-4C31-8099-F6AB1EDDF959}.Release|Any CPU.ActiveCfg = Release|Any CPU
		{76EBE7AE-D518-4C31-8099-F6AB1EDDF959}.Release|Any CPU.Build.0 = Release|Any CPU
	EndGlobalSection
	GlobalSection(SolutionProperties) = preSolution
		HideSolutionNode = FALSE
	EndGlobalSection
EndGlobal
